
Microsoft Visual Studio Solution File, Format Version 12.00
# Visual Studio Version 16
VisualStudioVersion = 16.0.29503.13
MinimumVisualStudioVersion = 10.0.40219.1
Project("{FAE04EC0-301F-11D3-BF4B-00C04F79EFBC}") = "Semana01", "Semana01\Semana01.csproj", "{DDEDA01B-9598-43B6-B307-681D6451455C}"
EndProject
Global
	GlobalSection(SolutionConfigurationPlatforms) = preSolution
		Debug|Any CPU = Debug|Any CPU
		Release|Any CPU = Release|Any CPU
	EndGlobalSection
	GlobalSection(ProjectConfigurationPlatforms) = postSolution
		{DDEDA01B-9598-43B6-B307-681D6451455C}.Debug|Any CPU.ActiveCfg = Debug|Any CPU
		{DDEDA01B-9598-43B6-B307-681D6451455C}.Debug|Any CPU.Build.0 = Debug|Any CPU
		{DDEDA01B-9598-43B6-B307-681D6451455C}.Release|Any CPU.ActiveCfg = Release|Any CPU
		{DDEDA01B-9598-43B6-B307-681D6451455C}.Release|Any CPU.Build.0 = Release|Any CPU
	EndGlobalSection
	GlobalSection(SolutionProperties) = preSolution
		HideSolutionNode = FALSE
	EndGlobalSection
	GlobalSection(ExtensibilityGlobals) = postSolution
		SolutionGuid = {70967A18-A541-4A7E-B023-CF2276ABC037}
	EndGlobalSection
EndGlobal
